<?xml version="1.0" encoding="utf-8"?>
<Project ToolsVersion="4.0" xmlns="http://schemas.microsoft.com/developer/msbuild/2003">
  <ItemGroup>
    <Filter Include="App">
      <UniqueIdentifier>{39e40261-8217-4935-b13a-4eee63f2bf34}</UniqueIdentifier>
    </Filter>
    <Filter Include="Engine">
      <UniqueIdentifier>{bfa1c246-65a4-421e-90f5-61258224bb87}</UniqueIdentifier>
    </Filter>
    <Filter Include="Engine\WindowingSystem">
      <UniqueIdentifier>{5c978c9c-1830-4b1c-affa-3df84d3a227c}</UniqueIdentifier>
    </Filter>
    <Filter Include="Engine\GraphicsEngine">
      <UniqueIdentifier>{e6595912-58de-4553-bf46-f36d79ec7821}</UniqueIdentifier>
    </Filter>
    <Filter Include="App\Objects">
      <UniqueIdentifier>{7a7c59e0-b079-4f28-aca5-6e8fded70a57}</UniqueIdentifier>
    </Filter>
    <Filter Include="App\Objects\ObjectClasses">
      <UniqueIdentifier>{eca068d0-84b1-4f10-b0a5-9030ce19a4e8}</UniqueIdentifier>
    </Filter>
    <Filter Include="App\Objects\ObjectClasses\Primitives">
      <UniqueIdentifier>{e9fd2026-5583-40b9-8504-f4ae6b9f2e95}</UniqueIdentifier>
    </Filter>
    <Filter Include="Engine\InputSystem">
      <UniqueIdentifier>{6a91df05-74c5-4047-80a6-52d152426c26}</UniqueIdentifier>
    </Filter>
    <Filter Include="Engine\CameraSystem">
      <UniqueIdentifier>{df84ed5c-457d-4c60-a7b0-cd4fa914669e}</UniqueIdentifier>
    </Filter>
    <Filter Include="Engine\GraphicsEngine\RenderSystem">
      <UniqueIdentifier>{30b44c60-d112-4a2b-bd1e-86ab8eed48c0}</UniqueIdentifier>
    </Filter>
    <Filter Include="Engine\GraphicsEngine\RenderSystem\PixelShader">
      <UniqueIdentifier>{a58811ae-0f34-452c-9c0f-d782d0b30a89}</UniqueIdentifier>
    </Filter>
    <Filter Include="Engine\GraphicsEngine\RenderSystem\SwapChain">
      <UniqueIdentifier>{c62db71b-d37d-41af-a0af-be9cc5115ddf}</UniqueIdentifier>
    </Filter>
    <Filter Include="Engine\GraphicsEngine\RenderSystem\VertexBuffer">
      <UniqueIdentifier>{b3716841-ef63-4de6-9925-7c34ed2db353}</UniqueIdentifier>
    </Filter>
    <Filter Include="Engine\GraphicsEngine\RenderSystem\VertexShader">
      <UniqueIdentifier>{046ec123-2045-47cc-b29f-70d6fa9b7304}</UniqueIdentifier>
    </Filter>
    <Filter Include="Engine\GraphicsEngine\RenderSystem\IndexBuffer">
      <UniqueIdentifier>{fd73cbe3-0e63-49a9-a91e-f3c9d105548f}</UniqueIdentifier>
    </Filter>
    <Filter Include="Engine\GraphicsEngine\RenderSystem\DeviceContext">
      <UniqueIdentifier>{5b29aac6-4ab7-4269-9c06-b143b58f9dc3}</UniqueIdentifier>
    </Filter>
    <Filter Include="Engine\GraphicsEngine\RenderSystem\ConstantBuffer">
      <UniqueIdentifier>{705d4d49-fa78-42fc-a5fd-82e15a0a06a0}</UniqueIdentifier>
    </Filter>
    <Filter Include="Engine\EngineTime">
      <UniqueIdentifier>{b3a705c7-ea02-4d30-a120-09977982a288}</UniqueIdentifier>
    </Filter>
    <Filter Include="Engine\IMGUI">
      <UniqueIdentifier>{302f4ddf-2b6b-4695-bf8b-f14fc830dffc}</UniqueIdentifier>
    </Filter>
    <Filter Include="Engine\UI">
      <UniqueIdentifier>{79b8a8d5-c8c0-4799-b60d-52d247a11a1f}</UniqueIdentifier>
    </Filter>
    <Filter Include="Engine\UI\MainScreens">
      <UniqueIdentifier>{50d5581f-9c27-4d6e-8b0e-d50b71522cb4}</UniqueIdentifier>
    </Filter>
    <Filter Include="Engine\Resources">
      <UniqueIdentifier>{69819797-30ba-4047-a94f-19d5cd53a515}</UniqueIdentifier>
    </Filter>
    <Filter Include="Engine\Resources\TextureManager">
      <UniqueIdentifier>{799353f2-77da-49e4-8bbc-129b7aa6bfd9}</UniqueIdentifier>
    </Filter>
    <Filter Include="Shaders">
      <UniqueIdentifier>{6ccfe5ee-9575-431f-86b1-5ae7e9ba075b}</UniqueIdentifier>
    </Filter>
    <Filter Include="Engine\Resources\MeshManager">
      <UniqueIdentifier>{5fda592f-b0f1-4b39-9998-80492c03c916}</UniqueIdentifier>
    </Filter>
    <Filter Include="Engine\Math">
      <UniqueIdentifier>{287221a4-95a2-40df-94d6-ef5926a76e02}</UniqueIdentifier>
    </Filter>
    <Filter Include="Engine\ComponentSystem">
      <UniqueIdentifier>{1cc6eb06-d3a4-44ff-ab35-b98b72636154}</UniqueIdentifier>
    </Filter>
    <Filter Include="Engine\ComponentSystem\Components">
      <UniqueIdentifier>{5784ddc6-f8a2-4ca0-ac6c-58b7a1a1cacd}</UniqueIdentifier>
    </Filter>
    <Filter Include="Engine\Physics">
      <UniqueIdentifier>{97748946-d10a-4256-9073-b1391eb786c7}</UniqueIdentifier>
    </Filter>
    <Filter Include="Engine\ComponentSystem\Components\PhysicsComponent">
      <UniqueIdentifier>{86f3527e-dfc1-4b83-a3b4-9c43f776a879}</UniqueIdentifier>
    </Filter>
    <Filter Include="App\Objects\ObjectClasses\GameObjects">
      <UniqueIdentifier>{29233ddf-b1f6-46d2-81a4-d907234ef047}</UniqueIdentifier>
    </Filter>
    <Filter Include="Engine\SceneManagement">
      <UniqueIdentifier>{b56e89c8-818d-4189-b677-48dcb9941b0c}</UniqueIdentifier>
    </Filter>
    <Filter Include="Engine\StateManager">
      <UniqueIdentifier>{7f792c53-fa57-4b73-9c46-63431f9e6c82}</UniqueIdentifier>
    </Filter>
  </ItemGroup>
  <ItemGroup>
    <ClCompile Include="main.cpp">
      <Filter>App</Filter>
    </ClCompile>
    <ClCompile Include="Window.cpp">
      <Filter>Engine\WindowingSystem</Filter>
    </ClCompile>
    <ClCompile Include="GraphicsEngine.cpp">
      <Filter>Engine\GraphicsEngine</Filter>
    </ClCompile>
    <ClCompile Include="AppWindow.cpp">
      <Filter>App</Filter>
    </ClCompile>
    <ClCompile Include="VertexBuffer.cpp">
      <Filter>Engine\GraphicsEngine\RenderSystem\VertexBuffer</Filter>
    </ClCompile>
    <ClCompile Include="DeviceContext.cpp">
      <Filter>Engine\GraphicsEngine\RenderSystem\DeviceContext</Filter>
    </ClCompile>
    <ClCompile Include="SwapChain.cpp">
      <Filter>Engine\GraphicsEngine\RenderSystem\SwapChain</Filter>
    </ClCompile>
    <ClCompile Include="VertexShader.cpp">
      <Filter>Engine\GraphicsEngine\RenderSystem\VertexShader</Filter>
    </ClCompile>
    <ClCompile Include="PixelShader.cpp">
      <Filter>Engine\GraphicsEngine\RenderSystem\PixelShader</Filter>
    </ClCompile>
    <ClCompile Include="ConstantBuffer.cpp">
      <Filter>Engine\GraphicsEngine\RenderSystem\ConstantBuffer</Filter>
    </ClCompile>
    <ClCompile Include="EngineTime.cpp">
      <Filter>Engine\EngineTime</Filter>
    </ClCompile>
    <ClCompile Include="IndexBuffer.cpp">
      <Filter>Engine\GraphicsEngine\RenderSystem\IndexBuffer</Filter>
    </ClCompile>
    <ClCompile Include="Cube.cpp">
      <Filter>App\Objects\ObjectClasses\Primitives</Filter>
    </ClCompile>
    <ClCompile Include="Plane.cpp">
      <Filter>App\Objects\ObjectClasses\Primitives</Filter>
    </ClCompile>
    <ClCompile Include="InputSystem.cpp">
      <Filter>Engine\InputSystem</Filter>
    </ClCompile>
    <ClCompile Include="Camera.cpp">
      <Filter>Engine\CameraSystem</Filter>
    </ClCompile>
    <ClCompile Include="SceneCameraHandler.cpp">
      <Filter>Engine\CameraSystem</Filter>
    </ClCompile>
    <ClCompile Include="RenderSystem.cpp">
      <Filter>Engine\GraphicsEngine\RenderSystem</Filter>
    </ClCompile>
    <ClCompile Include="imgui.cpp">
      <Filter>Engine\IMGUI</Filter>
    </ClCompile>
    <ClCompile Include="imgui_demo.cpp">
      <Filter>Engine\IMGUI</Filter>
    </ClCompile>
    <ClCompile Include="imgui_draw.cpp">
      <Filter>Engine\IMGUI</Filter>
    </ClCompile>
    <ClCompile Include="imgui_tables.cpp">
      <Filter>Engine\IMGUI</Filter>
    </ClCompile>
    <ClCompile Include="imgui_widgets.cpp">
      <Filter>Engine\IMGUI</Filter>
    </ClCompile>
    <ClCompile Include="imgui_impl_dx11.cpp">
      <Filter>Engine\IMGUI</Filter>
    </ClCompile>
    <ClCompile Include="imgui_impl_win32.cpp">
      <Filter>Engine\IMGUI</Filter>
    </ClCompile>
    <ClCompile Include="UIManager.cpp">
      <Filter>Engine\UI</Filter>
    </ClCompile>
    <ClCompile Include="AUIScreen.cpp">
      <Filter>Engine\UI</Filter>
    </ClCompile>
    <ClCompile Include="ToolBar.cpp">
      <Filter>Engine\UI\MainScreens</Filter>
    </ClCompile>
    <ClCompile Include="GameObjectManager.cpp">
      <Filter>App\Objects\ObjectClasses\GameObjects</Filter>
    </ClCompile>
    <ClCompile Include="AGameObject.cpp">
      <Filter>App\Objects\ObjectClasses\GameObjects</Filter>
    </ClCompile>
    <ClCompile Include="AResourceManager.cpp">
      <Filter>Engine\Resources</Filter>
    </ClCompile>
    <ClCompile Include="Resource.cpp">
      <Filter>Engine\Resources</Filter>
    </ClCompile>
    <ClCompile Include="TextureManager.cpp">
      <Filter>Engine\Resources\TextureManager</Filter>
    </ClCompile>
    <ClCompile Include="Texture.cpp">
      <Filter>Engine\Resources\TextureManager</Filter>
    </ClCompile>
    <ClCompile Include="MeshManager.cpp">
      <Filter>Engine\Resources\MeshManager</Filter>
    </ClCompile>
    <ClCompile Include="Mesh.cpp">
      <Filter>Engine\Resources\MeshManager</Filter>
    </ClCompile>
    <ClCompile Include="MeshObject.cpp">
      <Filter>App\Objects\ObjectClasses</Filter>
    </ClCompile>
    <ClCompile Include="PhysicsSystem.cpp">
      <Filter>Engine\Physics</Filter>
    </ClCompile>
    <ClCompile Include="ShaderLibrary.cpp">
      <Filter>Shaders</Filter>
    </ClCompile>
    <ClCompile Include="BaseComponentSystem.cpp">
      <Filter>Engine\ComponentSystem</Filter>
    </ClCompile>
    <ClCompile Include="AComponent.cpp">
      <Filter>Engine\ComponentSystem\Components</Filter>
    </ClCompile>
    <ClCompile Include="PhysicsComponent.cpp">
      <Filter>Engine\ComponentSystem\Components\PhysicsComponent</Filter>
    </ClCompile>
    <ClCompile Include="Hierarchy.cpp">
      <Filter>Engine\UI\MainScreens</Filter>
    </ClCompile>
    <ClCompile Include="Inspector.cpp">
      <Filter>Engine\UI\MainScreens</Filter>
    </ClCompile>
    <ClCompile Include="Sphere.cpp">
      <Filter>App\Objects\ObjectClasses\Primitives</Filter>
    </ClCompile>
    <ClCompile Include="Cylinder.cpp">
      <Filter>App\Objects\ObjectClasses\Primitives</Filter>
    </ClCompile>
    <ClCompile Include="ObjectRenderer.cpp" />
    <ClCompile Include="Capsule.cpp">
      <Filter>App\Objects\ObjectClasses\Primitives</Filter>
    </ClCompile>
    <ClCompile Include="NameRegistry.cpp">
      <Filter>App\Objects\ObjectClasses\GameObjects</Filter>
    </ClCompile>
    <ClCompile Include="SceneReader.cpp">
      <Filter>Engine\SceneManagement</Filter>
    </ClCompile>
    <ClCompile Include="SceneWriter.cpp">
      <Filter>Engine\SceneManagement</Filter>
    </ClCompile>
    <ClCompile Include="StateManager.cpp">
      <Filter>Engine\StateManager</Filter>
    </ClCompile>
    <ClCompile Include="EditorAction.cpp">
      <Filter>Engine\StateManager</Filter>
    </ClCompile>
    <ClCompile Include="ActionHistory.cpp">
      <Filter>Engine\StateManager</Filter>
    </ClCompile>
  </ItemGroup>
  <ItemGroup>
    <ClInclude Include="Window.h">
      <Filter>Engine\WindowingSystem</Filter>
    </ClInclude>
    <ClInclude Include="GraphicsEngine.h">
      <Filter>Engine\GraphicsEngine</Filter>
    </ClInclude>
    <ClInclude Include="AppWindow.h">
      <Filter>App</Filter>
    </ClInclude>
    <ClInclude Include="VertexBuffer.h">
      <Filter>Engine\GraphicsEngine\RenderSystem\VertexBuffer</Filter>
    </ClInclude>
    <ClInclude Include="DeviceContext.h">
      <Filter>Engine\GraphicsEngine\RenderSystem\DeviceContext</Filter>
    </ClInclude>
    <ClInclude Include="SwapChain.h">
      <Filter>Engine\GraphicsEngine\RenderSystem\SwapChain</Filter>
    </ClInclude>
    <ClInclude Include="VertexShader.h">
      <Filter>Engine\GraphicsEngine\RenderSystem\VertexShader</Filter>
    </ClInclude>
    <ClInclude Include="PixelShader.h">
      <Filter>Engine\GraphicsEngine\RenderSystem\PixelShader</Filter>
    </ClInclude>
    <ClInclude Include="ConstantBuffer.h">
      <Filter>Engine\GraphicsEngine\RenderSystem\ConstantBuffer</Filter>
    </ClInclude>
    <ClInclude Include="EngineTime.h">
      <Filter>Engine\EngineTime</Filter>
    </ClInclude>
    <ClInclude Include="IndexBuffer.h">
      <Filter>Engine\GraphicsEngine\RenderSystem\IndexBuffer</Filter>
    </ClInclude>
    <ClInclude Include="Cube.h">
      <Filter>App\Objects\ObjectClasses\Primitives</Filter>
    </ClInclude>
    <ClInclude Include="Plane.h">
      <Filter>App\Objects\ObjectClasses\Primitives</Filter>
    </ClInclude>
    <ClInclude Include="InputSystem.h">
      <Filter>Engine\InputSystem</Filter>
    </ClInclude>
    <ClInclude Include="InputListener.h">
      <Filter>Engine\InputSystem</Filter>
    </ClInclude>
    <ClInclude Include="Camera.h">
      <Filter>Engine\CameraSystem</Filter>
    </ClInclude>
    <ClInclude Include="SceneCameraHandler.h">
      <Filter>Engine\CameraSystem</Filter>
    </ClInclude>
    <ClInclude Include="RenderSystem.h">
      <Filter>Engine\GraphicsEngine\RenderSystem</Filter>
    </ClInclude>
    <ClInclude Include="imconfig.h">
      <Filter>Engine\IMGUI</Filter>
    </ClInclude>
    <ClInclude Include="imgui.h">
      <Filter>Engine\IMGUI</Filter>
    </ClInclude>
    <ClInclude Include="imgui_internal.h">
      <Filter>Engine\IMGUI</Filter>
    </ClInclude>
    <ClInclude Include="imstb_rectpack.h">
      <Filter>Engine\IMGUI</Filter>
    </ClInclude>
    <ClInclude Include="imstb_textedit.h">
      <Filter>Engine\IMGUI</Filter>
    </ClInclude>
    <ClInclude Include="imstb_truetype.h">
      <Filter>Engine\IMGUI</Filter>
    </ClInclude>
    <ClInclude Include="imgui_impl_dx11.h">
      <Filter>Engine\IMGUI</Filter>
    </ClInclude>
    <ClInclude Include="imgui_impl_win32.h">
      <Filter>Engine\IMGUI</Filter>
    </ClInclude>
    <ClInclude Include="UIManager.h">
      <Filter>Engine\UI</Filter>
    </ClInclude>
    <ClInclude Include="AUIScreen.h">
      <Filter>Engine\UI</Filter>
    </ClInclude>
    <ClInclude Include="ToolBar.h">
      <Filter>Engine\UI\MainScreens</Filter>
    </ClInclude>
    <ClInclude Include="GameObjectManager.h">
      <Filter>App\Objects\ObjectClasses\GameObjects</Filter>
    </ClInclude>
    <ClInclude Include="AGameObject.h">
      <Filter>App\Objects\ObjectClasses\GameObjects</Filter>
    </ClInclude>
    <ClInclude Include="AResourceManager.h">
      <Filter>Engine\Resources</Filter>
    </ClInclude>
    <ClInclude Include="Prerequisites.h">
      <Filter>Engine</Filter>
    </ClInclude>
    <ClInclude Include="Resource.h">
      <Filter>Engine\Resources</Filter>
    </ClInclude>
    <ClInclude Include="TextureManager.h">
      <Filter>Engine\Resources\TextureManager</Filter>
    </ClInclude>
    <ClInclude Include="Texture.h">
      <Filter>Engine\Resources\TextureManager</Filter>
    </ClInclude>
    <ClInclude Include="MeshManager.h">
      <Filter>Engine\Resources\MeshManager</Filter>
    </ClInclude>
    <ClInclude Include="Mesh.h">
      <Filter>Engine\Resources\MeshManager</Filter>
    </ClInclude>
    <ClInclude Include="VertexMesh.h">
      <Filter>Engine\Math</Filter>
    </ClInclude>
    <ClInclude Include="MeshObject.h">
      <Filter>App\Objects\ObjectClasses</Filter>
    </ClInclude>
    <ClInclude Include="PhysicsSystem.h">
      <Filter>Engine\Physics</Filter>
    </ClInclude>
    <ClInclude Include="ShaderLibrary.h">
      <Filter>Shaders</Filter>
    </ClInclude>
    <ClInclude Include="BaseComponentSystem.h">
      <Filter>Engine\ComponentSystem</Filter>
    </ClInclude>
    <ClInclude Include="AComponent.h">
      <Filter>Engine\ComponentSystem\Components</Filter>
    </ClInclude>
    <ClInclude Include="PhysicsComponent.h">
      <Filter>Engine\ComponentSystem\Components\PhysicsComponent</Filter>
    </ClInclude>
    <ClInclude Include="Hierarchy.h">
      <Filter>Engine\UI\MainScreens</Filter>
    </ClInclude>
    <ClInclude Include="Inspector.h">
      <Filter>Engine\UI\MainScreens</Filter>
    </ClInclude>
    <ClInclude Include="Sphere.h">
      <Filter>App\Objects\ObjectClasses\Primitives</Filter>
    </ClInclude>
    <ClInclude Include="Cylinder.h">
      <Filter>App\Objects\ObjectClasses\Primitives</Filter>
    </ClInclude>
    <ClInclude Include="ObjectRenderer.h" />
    <ClInclude Include="Capsule.h">
      <Filter>App\Objects\ObjectClasses\Primitives</Filter>
    </ClInclude>
    <ClInclude Include="NameRegistry.h">
      <Filter>App\Objects\ObjectClasses\GameObjects</Filter>
    </ClInclude>
    <ClInclude Include="SceneReader.h">
      <Filter>Engine\SceneManagement</Filter>
    </ClInclude>
    <ClInclude Include="SceneWriter.h">
      <Filter>Engine\SceneManagement</Filter>
    </ClInclude>
    <ClInclude Include="StateManager.h">
      <Filter>Engine\StateManager</Filter>
    </ClInclude>
    <ClInclude Include="EditorAction.h">
      <Filter>Engine\StateManager</Filter>
    </ClInclude>
    <ClInclude Include="ActionHistory.h">
      <Filter>Engine\StateManager</Filter>
    </ClInclude>
  </ItemGroup>
  <ItemGroup>
    <FxCompile Include="VertexMeshLayoutShader.hlsl">
      <Filter>Shaders</Filter>
    </FxCompile>
    <FxCompile Include="TexturedPixelShader.hlsl">
      <Filter>Shaders</Filter>
    </FxCompile>
    <FxCompile Include="TexturedVertexShader.hlsl">
      <Filter>Shaders</Filter>
    </FxCompile>
  </ItemGroup>
</Project>